
Microsoft Visual Studio Solution File, Format Version 11.00
# Visual C# Express 2010
Project("{FAE04EC0-301F-11D3-BF4B-00C04F79EFBC}") = "Reverse", "Reverse\Reverse.csproj", "{DBDE94DF-2259-4666-9651-9EA9BB4B254A}"
EndProject
Global
	GlobalSection(SolutionConfigurationPlatforms) = preSolution
		Debug|x86 = Debug|x86
		Release|x86 = Release|x86
	EndGlobalSection
	GlobalSection(ProjectConfigurationPlatforms) = postSolution
		{DBDE94DF-2259-4666-9651-9EA9BB4B254A}.Debug|x86.ActiveCfg = Debug|x86
		{DBDE94DF-2259-4666-9651-9EA9BB4B254A}.Debug|x86.Build.0 = Debug|x86
		{DBDE94DF-2259-4666-9651-9EA9BB4B254A}.Release|x86.ActiveCfg = Release|x86
		{DBDE94DF-2259-4666-9651-9EA9BB4B254A}.Release|x86.Build.0 = Release|x86
	EndGlobalSection
	GlobalSection(SolutionProperties) = preSolution
		HideSolutionNode = FALSE
	EndGlobalSection
EndGlobal
